
Microsoft Visual Studio Solution File, Format Version 12.00
# Visual Studio Version 17
VisualStudioVersion = 17.5.33516.290
MinimumVisualStudioVersion = 10.0.40219.1
Project("{FAE04EC0-301F-11D3-BF4B-00C04F79EFBC}") = "CleoUI", "CleoUI\CleoUI.csproj", "{1796C35C-D533-47AC-A0D1-452CDD29F613}"
EndProject
Global
	GlobalSection(SolutionConfigurationPlatforms) = preSolution
		Debug|Any CPU = Debug|Any CPU
		Release|Any CPU = Release|Any CPU
	EndGlobalSection
	GlobalSection(ProjectConfigurationPlatforms) = postSolution
		{1796C35C-D533-47AC-A0D1-452CDD29F613}.Debug|Any CPU.ActiveCfg = Debug|Any CPU
		{1796C35C-D533-47AC-A0D1-452CDD29F613}.Debug|Any CPU.Build.0 = Debug|Any CPU
		{1796C35C-D533-47AC-A0D1-452CDD29F613}.Release|Any CPU.ActiveCfg = Release|Any CPU
		{1796C35C-D533-47AC-A0D1-452CDD29F613}.Release|Any CPU.Build.0 = Release|Any CPU
	EndGlobalSection
	GlobalSection(SolutionProperties) = preSolution
		HideSolutionNode = FALSE
	EndGlobalSection
	GlobalSection(ExtensibilityGlobals) = postSolution
		SolutionGuid = {FF341CA3-933A-452E-BA1A-958D172F841D}
	EndGlobalSection
EndGlobal
